
Microsoft Visual Studio Solution File, Format Version 12.00
# Visual Studio Version 17
VisualStudioVersion = 17.11.35208.52
MinimumVisualStudioVersion = 10.0.40219.1
Project("{9A19103F-16F7-4668-BE54-9A1E7A4F7556}") = "Game2048", "Game2048\Game2048.csproj", "{CF674891-64A9-4705-BDB4-C4264B9DF346}"
EndProject
Project("{FAE04EC0-301F-11D3-BF4B-00C04F79EFBC}") = "Game2048UnitTests", "Game2048UnitTests\Game2048UnitTests.csproj", "{A9AC643D-3DFC-42FD-8FCC-D5D00E7DD645}"
EndProject
Global
	GlobalSection(SolutionConfigurationPlatforms) = preSolution
		Debug|Any CPU = Debug|Any CPU
		Release|Any CPU = Release|Any CPU
	EndGlobalSection
	GlobalSection(ProjectConfigurationPlatforms) = postSolution
		{CF674891-64A9-4705-BDB4-C4264B9DF346}.Debug|Any CPU.ActiveCfg = Debug|Any CPU
		{CF674891-64A9-4705-BDB4-C4264B9DF346}.Debug|Any CPU.Build.0 = Debug|Any CPU
		{CF674891-64A9-4705-BDB4-C4264B9DF346}.Debug|Any CPU.Deploy.0 = Debug|Any CPU
		{CF674891-64A9-4705-BDB4-C4264B9DF346}.Release|Any CPU.ActiveCfg = Release|Any CPU
		{CF674891-64A9-4705-BDB4-C4264B9DF346}.Release|Any CPU.Build.0 = Release|Any CPU
		{CF674891-64A9-4705-BDB4-C4264B9DF346}.Release|Any CPU.Deploy.0 = Release|Any CPU
		{A9AC643D-3DFC-42FD-8FCC-D5D00E7DD645}.Debug|Any CPU.ActiveCfg = Debug|Any CPU
		{A9AC643D-3DFC-42FD-8FCC-D5D00E7DD645}.Debug|Any CPU.Build.0 = Debug|Any CPU
		{A9AC643D-3DFC-42FD-8FCC-D5D00E7DD645}.Release|Any CPU.ActiveCfg = Release|Any CPU
		{A9AC643D-3DFC-42FD-8FCC-D5D00E7DD645}.Release|Any CPU.Build.0 = Release|Any CPU
	EndGlobalSection
	GlobalSection(SolutionProperties) = preSolution
		HideSolutionNode = FALSE
	EndGlobalSection
	GlobalSection(ExtensibilityGlobals) = postSolution
		SolutionGuid = {8822F5CA-70ED-42F2-B486-A718F1AF6CA5}
	EndGlobalSection
EndGlobal
